// !$*UTF8*$!
{
	archiveVersion = 1;
	classes = {
	};
	objectVersion = 55;
	objects = {

/* Begin PBXBuildFile section */
		25CCA2F428924E59001E531C /* GitHubActionsTestApp.swift in Sources */ = {isa = PBXBuildFile; fileRef = 25CCA2F328924E59001E531C /* GitHubActionsTestApp.swift */; };
		25CCA2F628924E59001E531C /* ContentView.swift in Sources */ = {isa = PBXBuildFile; fileRef = 25CCA2F528924E59001E531C /* ContentView.swift */; };
		25CCA2F828924E5A001E531C /* Assets.xcassets in Resources */ = {isa = PBXBuildFile; fileRef = 25CCA2F728924E5A001E531C /* Assets.xcassets */; };
		25CCA2FB28924E5A001E531C /* Preview Assets.xcassets in Resources */ = {isa = PBXBuildFile; fileRef = 25CCA2FA28924E5A001E531C /* Preview Assets.xcassets */; };
		25CCA30528924E5A001E531C /* GitHubActionsTestTests.swift in Sources */ = {isa = PBXBuildFile; fileRef = 25CCA30428924E5A001E531C /* GitHubActionsTestTests.swift */; };
		25CCA30F28924E5B001E531C /* GitHubActionsTestUITests.swift in Sources */ = {isa = PBXBuildFile; fileRef = 25CCA30E28924E5B001E531C /* GitHubActionsTestUITests.swift */; };
		25CCA31128924E5B001E531C /* GitHubActionsTestUITestsLaunchTests.swift in Sources */ = {isa = PBXBuildFile; fileRef = 25CCA31028924E5B001E531C /* GitHubActionsTestUITestsLaunchTests.swift */; };
		2D684F9DE9E88DCE65C99E39 /* Pods_GitHubActionsTest.framework in Frameworks */ = {isa = PBXBuildFile; fileRef = DB153838598F8DB8C9F5C627 /* Pods_GitHubActionsTest.framework */; };
		70594EBD317E020B53C902E4 /* Pods_GitHubActionsTestTests.framework in Frameworks */ = {isa = PBXBuildFile; fileRef = 37DAF49B01984596C2E1EF21 /* Pods_GitHubActionsTestTests.framework */; };
		7223CCAB7379AD7B2F20430B /* Pods_GitHubActionsTest_GitHubActionsTestUITests.framework in Frameworks */ = {isa = PBXBuildFile; fileRef = 782672ED2C9734F35E8A8105 /* Pods_GitHubActionsTest_GitHubActionsTestUITests.framework */; };
/* End PBXBuildFile section */

/* Begin PBXContainerItemProxy section */
		25CCA30128924E5A001E531C /* PBXContainerItemProxy */ = {
			isa = PBXContainerItemProxy;
			containerPortal = 25CCA2E828924E59001E531C /* Project object */;
			proxyType = 1;
			remoteGlobalIDString = 25CCA2EF28924E59001E531C;
			remoteInfo = GitHubActionsTest;
		};
		25CCA30B28924E5B001E531C /* PBXContainerItemProxy */ = {
			isa = PBXContainerItemProxy;
			containerPortal = 25CCA2E828924E59001E531C /* Project object */;
			proxyType = 1;
			remoteGlobalIDString = 25CCA2EF28924E59001E531C;
			remoteInfo = GitHubActionsTest;
		};
/* End PBXContainerItemProxy section */

/* Begin PBXFileReference section */
		03893815B9797A59DF765E57 /* Pods-GitHubActionsTest-GitHubActionsTestUITests.debug.xcconfig */ = {isa = PBXFileReference; includeInIndex = 1; lastKnownFileType = text.xcconfig; name = "Pods-GitHubActionsTest-GitHubActionsTestUITests.debug.xcconfig"; path = "Target Support Files/Pods-GitHubActionsTest-GitHubActionsTestUITests/Pods-GitHubActionsTest-GitHubActionsTestUITests.debug.xcconfig"; sourceTree = "<group>"; };
		259231E12897D5D80029B9EA /* Info.plist */ = {isa = PBXFileReference; lastKnownFileType = text.plist; path = Info.plist; sourceTree = "<group>"; };
		25CCA2F028924E59001E531C /* GitHubActionsTest.app */ = {isa = PBXFileReference; explicitFileType = wrapper.application; includeInIndex = 0; path = GitHubActionsTest.app; sourceTree = BUILT_PRODUCTS_DIR; };
		25CCA2F328924E59001E531C /* GitHubActionsTestApp.swift */ = {isa = PBXFileReference; lastKnownFileType = sourcecode.swift; path = GitHubActionsTestApp.swift; sourceTree = "<group>"; };
		25CCA2F528924E59001E531C /* ContentView.swift */ = {isa = PBXFileReference; lastKnownFileType = sourcecode.swift; path = ContentView.swift; sourceTree = "<group>"; };
		25CCA2F728924E5A001E531C /* Assets.xcassets */ = {isa = PBXFileReference; lastKnownFileType = folder.assetcatalog; path = Assets.xcassets; sourceTree = "<group>"; };
		25CCA2FA28924E5A001E531C /* Preview Assets.xcassets */ = {isa = PBXFileReference; lastKnownFileType = folder.assetcatalog; path = "Preview Assets.xcassets"; sourceTree = "<group>"; };
		25CCA30028924E5A001E531C /* GitHubActionsTestTests.xctest */ = {isa = PBXFileReference; explicitFileType = wrapper.cfbundle; includeInIndex = 0; path = GitHubActionsTestTests.xctest; sourceTree = BUILT_PRODUCTS_DIR; };
		25CCA30428924E5A001E531C /* GitHubActionsTestTests.swift */ = {isa = PBXFileReference; lastKnownFileType = sourcecode.swift; path = GitHubActionsTestTests.swift; sourceTree = "<group>"; };
		25CCA30A28924E5B001E531C /* GitHubActionsTestUITests.xctest */ = {isa = PBXFileReference; explicitFileType = wrapper.cfbundle; includeInIndex = 0; path = GitHubActionsTestUITests.xctest; sourceTree = BUILT_PRODUCTS_DIR; };
		25CCA30E28924E5B001E531C /* GitHubActionsTestUITests.swift */ = {isa = PBXFileReference; lastKnownFileType = sourcecode.swift; path = GitHubActionsTestUITests.swift; sourceTree = "<group>"; };
		25CCA31028924E5B001E531C /* GitHubActionsTestUITestsLaunchTests.swift */ = {isa = PBXFileReference; lastKnownFileType = sourcecode.swift; path = GitHubActionsTestUITestsLaunchTests.swift; sourceTree = "<group>"; };
		37DAF49B01984596C2E1EF21 /* Pods_GitHubActionsTestTests.framework */ = {isa = PBXFileReference; explicitFileType = wrapper.framework; includeInIndex = 0; path = Pods_GitHubActionsTestTests.framework; sourceTree = BUILT_PRODUCTS_DIR; };
		4B7B882EC989C8EFE546F154 /* Pods-GitHubActionsTest.release.xcconfig */ = {isa = PBXFileReference; includeInIndex = 1; lastKnownFileType = text.xcconfig; name = "Pods-GitHubActionsTest.release.xcconfig"; path = "Target Support Files/Pods-GitHubActionsTest/Pods-GitHubActionsTest.release.xcconfig"; sourceTree = "<group>"; };
		5E5F1760D088D36DE2CD9DD4 /* Pods-GitHubActionsTest.debug.xcconfig */ = {isa = PBXFileReference; includeInIndex = 1; lastKnownFileType = text.xcconfig; name = "Pods-GitHubActionsTest.debug.xcconfig"; path = "Target Support Files/Pods-GitHubActionsTest/Pods-GitHubActionsTest.debug.xcconfig"; sourceTree = "<group>"; };
		782672ED2C9734F35E8A8105 /* Pods_GitHubActionsTest_GitHubActionsTestUITests.framework */ = {isa = PBXFileReference; explicitFileType = wrapper.framework; includeInIndex = 0; path = Pods_GitHubActionsTest_GitHubActionsTestUITests.framework; sourceTree = BUILT_PRODUCTS_DIR; };
		81F8CAD4E71003906B48D534 /* Pods-GitHubActionsTest.alpha.xcconfig */ = {isa = PBXFileReference; includeInIndex = 1; lastKnownFileType = text.xcconfig; name = "Pods-GitHubActionsTest.alpha.xcconfig"; path = "Target Support Files/Pods-GitHubActionsTest/Pods-GitHubActionsTest.alpha.xcconfig"; sourceTree = "<group>"; };
		8233A3D2943DC3392F5BFC89 /* Pods-GitHubActionsTest-GitHubActionsTestUITests.alpha.xcconfig */ = {isa = PBXFileReference; includeInIndex = 1; lastKnownFileType = text.xcconfig; name = "Pods-GitHubActionsTest-GitHubActionsTestUITests.alpha.xcconfig"; path = "Target Support Files/Pods-GitHubActionsTest-GitHubActionsTestUITests/Pods-GitHubActionsTest-GitHubActionsTestUITests.alpha.xcconfig"; sourceTree = "<group>"; };
		8A2B57404BC13844D9E283EC /* Pods-GitHubActionsTestTests.beta.xcconfig */ = {isa = PBXFileReference; includeInIndex = 1; lastKnownFileType = text.xcconfig; name = "Pods-GitHubActionsTestTests.beta.xcconfig"; path = "Target Support Files/Pods-GitHubActionsTestTests/Pods-GitHubActionsTestTests.beta.xcconfig"; sourceTree = "<group>"; };
		908BFA409380417CCDB46948 /* Pods-GitHubActionsTest.beta.xcconfig */ = {isa = PBXFileReference; includeInIndex = 1; lastKnownFileType = text.xcconfig; name = "Pods-GitHubActionsTest.beta.xcconfig"; path = "Target Support Files/Pods-GitHubActionsTest/Pods-GitHubActionsTest.beta.xcconfig"; sourceTree = "<group>"; };
		91E0465232F1048525BEEC9E /* Pods-GitHubActionsTestTests.alpha.xcconfig */ = {isa = PBXFileReference; includeInIndex = 1; lastKnownFileType = text.xcconfig; name = "Pods-GitHubActionsTestTests.alpha.xcconfig"; path = "Target Support Files/Pods-GitHubActionsTestTests/Pods-GitHubActionsTestTests.alpha.xcconfig"; sourceTree = "<group>"; };
		A7285F541724F33FB11C1FB1 /* Pods-GitHubActionsTest-GitHubActionsTestUITests.release.xcconfig */ = {isa = PBXFileReference; includeInIndex = 1; lastKnownFileType = text.xcconfig; name = "Pods-GitHubActionsTest-GitHubActionsTestUITests.release.xcconfig"; path = "Target Support Files/Pods-GitHubActionsTest-GitHubActionsTestUITests/Pods-GitHubActionsTest-GitHubActionsTestUITests.release.xcconfig"; sourceTree = "<group>"; };
		D6937390267806A1D7AB1270 /* Pods-GitHubActionsTestTests.debug.xcconfig */ = {isa = PBXFileReference; includeInIndex = 1; lastKnownFileType = text.xcconfig; name = "Pods-GitHubActionsTestTests.debug.xcconfig"; path = "Target Support Files/Pods-GitHubActionsTestTests/Pods-GitHubActionsTestTests.debug.xcconfig"; sourceTree = "<group>"; };
		DB153838598F8DB8C9F5C627 /* Pods_GitHubActionsTest.framework */ = {isa = PBXFileReference; explicitFileType = wrapper.framework; includeInIndex = 0; path = Pods_GitHubActionsTest.framework; sourceTree = BUILT_PRODUCTS_DIR; };
		E87469349575DE01FF51CE1B /* Pods-GitHubActionsTestTests.release.xcconfig */ = {isa = PBXFileReference; includeInIndex = 1; lastKnownFileType = text.xcconfig; name = "Pods-GitHubActionsTestTests.release.xcconfig"; path = "Target Support Files/Pods-GitHubActionsTestTests/Pods-GitHubActionsTestTests.release.xcconfig"; sourceTree = "<group>"; };
		F76C4EC5F088B034295F3005 /* Pods-GitHubActionsTest-GitHubActionsTestUITests.beta.xcconfig */ = {isa = PBXFileReference; includeInIndex = 1; lastKnownFileType = text.xcconfig; name = "Pods-GitHubActionsTest-GitHubActionsTestUITests.beta.xcconfig"; path = "Target Support Files/Pods-GitHubActionsTest-GitHubActionsTestUITests/Pods-GitHubActionsTest-GitHubActionsTestUITests.beta.xcconfig"; sourceTree = "<group>"; };
/* End PBXFileReference section */

/* Begin PBXFrameworksBuildPhase section */
		25CCA2ED28924E59001E531C /* Frameworks */ = {
			isa = PBXFrameworksBuildPhase;
			buildActionMask = 2147483647;
			files = (
				2D684F9DE9E88DCE65C99E39 /* Pods_GitHubActionsTest.framework in Frameworks */,
			);
			runOnlyForDeploymentPostprocessing = 0;
		};
		25CCA2FD28924E5A001E531C /* Frameworks */ = {
			isa = PBXFrameworksBuildPhase;
			buildActionMask = 2147483647;
			files = (
				70594EBD317E020B53C902E4 /* Pods_GitHubActionsTestTests.framework in Frameworks */,
			);
			runOnlyForDeploymentPostprocessing = 0;
		};
		25CCA30728924E5B001E531C /* Frameworks */ = {
			isa = PBXFrameworksBuildPhase;
			buildActionMask = 2147483647;
			files = (
				7223CCAB7379AD7B2F20430B /* Pods_GitHubActionsTest_GitHubActionsTestUITests.framework in Frameworks */,
			);
			runOnlyForDeploymentPostprocessing = 0;
		};
/* End PBXFrameworksBuildPhase section */

/* Begin PBXGroup section */
		25CCA2E728924E59001E531C = {
			isa = PBXGroup;
			children = (
				25CCA2F228924E59001E531C /* GitHubActionsTest */,
				25CCA30328924E5A001E531C /* GitHubActionsTestTests */,
				25CCA30D28924E5B001E531C /* GitHubActionsTestUITests */,
				25CCA2F128924E59001E531C /* Products */,
				DD08CA182A4CB44FE0328D8A /* Pods */,
				7FAC787202FFC80CEF841BA3 /* Frameworks */,
			);
			sourceTree = "<group>";
		};
		25CCA2F128924E59001E531C /* Products */ = {
			isa = PBXGroup;
			children = (
				25CCA2F028924E59001E531C /* GitHubActionsTest.app */,
				25CCA30028924E5A001E531C /* GitHubActionsTestTests.xctest */,
				25CCA30A28924E5B001E531C /* GitHubActionsTestUITests.xctest */,
			);
			name = Products;
			sourceTree = "<group>";
		};
		25CCA2F228924E59001E531C /* GitHubActionsTest */ = {
			isa = PBXGroup;
			children = (
				259231E12897D5D80029B9EA /* Info.plist */,
				25CCA2F328924E59001E531C /* GitHubActionsTestApp.swift */,
				25CCA2F528924E59001E531C /* ContentView.swift */,
				25CCA2F728924E5A001E531C /* Assets.xcassets */,
				25CCA2F928924E5A001E531C /* Preview Content */,
			);
			path = GitHubActionsTest;
			sourceTree = "<group>";
		};
		25CCA2F928924E5A001E531C /* Preview Content */ = {
			isa = PBXGroup;
			children = (
				25CCA2FA28924E5A001E531C /* Preview Assets.xcassets */,
			);
			path = "Preview Content";
			sourceTree = "<group>";
		};
		25CCA30328924E5A001E531C /* GitHubActionsTestTests */ = {
			isa = PBXGroup;
			children = (
				25CCA30428924E5A001E531C /* GitHubActionsTestTests.swift */,
			);
			path = GitHubActionsTestTests;
			sourceTree = "<group>";
		};
		25CCA30D28924E5B001E531C /* GitHubActionsTestUITests */ = {
			isa = PBXGroup;
			children = (
				25CCA30E28924E5B001E531C /* GitHubActionsTestUITests.swift */,
				25CCA31028924E5B001E531C /* GitHubActionsTestUITestsLaunchTests.swift */,
			);
			path = GitHubActionsTestUITests;
			sourceTree = "<group>";
		};
		7FAC787202FFC80CEF841BA3 /* Frameworks */ = {
			isa = PBXGroup;
			children = (
				DB153838598F8DB8C9F5C627 /* Pods_GitHubActionsTest.framework */,
				782672ED2C9734F35E8A8105 /* Pods_GitHubActionsTest_GitHubActionsTestUITests.framework */,
				37DAF49B01984596C2E1EF21 /* Pods_GitHubActionsTestTests.framework */,
			);
			name = Frameworks;
			sourceTree = "<group>";
		};
		DD08CA182A4CB44FE0328D8A /* Pods */ = {
			isa = PBXGroup;
			children = (
				5E5F1760D088D36DE2CD9DD4 /* Pods-GitHubActionsTest.debug.xcconfig */,
				908BFA409380417CCDB46948 /* Pods-GitHubActionsTest.beta.xcconfig */,
				81F8CAD4E71003906B48D534 /* Pods-GitHubActionsTest.alpha.xcconfig */,
				4B7B882EC989C8EFE546F154 /* Pods-GitHubActionsTest.release.xcconfig */,
				03893815B9797A59DF765E57 /* Pods-GitHubActionsTest-GitHubActionsTestUITests.debug.xcconfig */,
				F76C4EC5F088B034295F3005 /* Pods-GitHubActionsTest-GitHubActionsTestUITests.beta.xcconfig */,
				8233A3D2943DC3392F5BFC89 /* Pods-GitHubActionsTest-GitHubActionsTestUITests.alpha.xcconfig */,
				A7285F541724F33FB11C1FB1 /* Pods-GitHubActionsTest-GitHubActionsTestUITests.release.xcconfig */,
				D6937390267806A1D7AB1270 /* Pods-GitHubActionsTestTests.debug.xcconfig */,
				8A2B57404BC13844D9E283EC /* Pods-GitHubActionsTestTests.beta.xcconfig */,
				91E0465232F1048525BEEC9E /* Pods-GitHubActionsTestTests.alpha.xcconfig */,
				E87469349575DE01FF51CE1B /* Pods-GitHubActionsTestTests.release.xcconfig */,
			);
			path = Pods;
			sourceTree = "<group>";
		};
/* End PBXGroup section */

/* Begin PBXNativeTarget section */
		25CCA2EF28924E59001E531C /* GitHubActionsTest */ = {
			isa = PBXNativeTarget;
			buildConfigurationList = 25CCA31428924E5B001E531C /* Build configuration list for PBXNativeTarget "GitHubActionsTest" */;
			buildPhases = (
				6A9CBDF637FB4BA78295F772 /* [CP] Check Pods Manifest.lock */,
				25CCA2EC28924E59001E531C /* Sources */,
				25CCA2ED28924E59001E531C /* Frameworks */,
				25CCA2EE28924E59001E531C /* Resources */,
				250A83F9289B48AA003973F0 /* ShellScript */,
			);
			buildRules = (
			);
			dependencies = (
			);
			name = GitHubActionsTest;
			productName = GitHubActionsTest;
			productReference = 25CCA2F028924E59001E531C /* GitHubActionsTest.app */;
			productType = "com.apple.product-type.application";
		};
		25CCA2FF28924E5A001E531C /* GitHubActionsTestTests */ = {
			isa = PBXNativeTarget;
			buildConfigurationList = 25CCA31728924E5B001E531C /* Build configuration list for PBXNativeTarget "GitHubActionsTestTests" */;
			buildPhases = (
				65F5D42F42BD44FEC438636D /* [CP] Check Pods Manifest.lock */,
				25CCA2FC28924E5A001E531C /* Sources */,
				25CCA2FD28924E5A001E531C /* Frameworks */,
				25CCA2FE28924E5A001E531C /* Resources */,
			);
			buildRules = (
			);
			dependencies = (
				25CCA30228924E5A001E531C /* PBXTargetDependency */,
			);
			name = GitHubActionsTestTests;
			productName = GitHubActionsTestTests;
			productReference = 25CCA30028924E5A001E531C /* GitHubActionsTestTests.xctest */;
			productType = "com.apple.product-type.bundle.unit-test";
		};
		25CCA30928924E5B001E531C /* GitHubActionsTestUITests */ = {
			isa = PBXNativeTarget;
			buildConfigurationList = 25CCA31A28924E5B001E531C /* Build configuration list for PBXNativeTarget "GitHubActionsTestUITests" */;
			buildPhases = (
				A9FFE0550B240A296240CF37 /* [CP] Check Pods Manifest.lock */,
				25CCA30628924E5B001E531C /* Sources */,
				25CCA30728924E5B001E531C /* Frameworks */,
				25CCA30828924E5B001E531C /* Resources */,
			);
			buildRules = (
			);
			dependencies = (
				25CCA30C28924E5B001E531C /* PBXTargetDependency */,
			);
			name = GitHubActionsTestUITests;
			productName = GitHubActionsTestUITests;
			productReference = 25CCA30A28924E5B001E531C /* GitHubActionsTestUITests.xctest */;
			productType = "com.apple.product-type.bundle.ui-testing";
		};
/* End PBXNativeTarget section */

/* Begin PBXProject section */
		25CCA2E828924E59001E531C /* Project object */ = {
			isa = PBXProject;
			attributes = {
				BuildIndependentTargetsInParallel = 1;
				LastSwiftUpdateCheck = 1330;
				LastUpgradeCheck = 1330;
				TargetAttributes = {
					25CCA2EF28924E59001E531C = {
						CreatedOnToolsVersion = 13.3.1;
					};
					25CCA2FF28924E5A001E531C = {
						CreatedOnToolsVersion = 13.3.1;
						TestTargetID = 25CCA2EF28924E59001E531C;
					};
					25CCA30928924E5B001E531C = {
						CreatedOnToolsVersion = 13.3.1;
						TestTargetID = 25CCA2EF28924E59001E531C;
					};
				};
			};
			buildConfigurationList = 25CCA2EB28924E59001E531C /* Build configuration list for PBXProject "GitHubActionsTest" */;
			compatibilityVersion = "Xcode 13.0";
			developmentRegion = en;
			hasScannedForEncodings = 0;
			knownRegions = (
				en,
				Base,
			);
			mainGroup = 25CCA2E728924E59001E531C;
			productRefGroup = 25CCA2F128924E59001E531C /* Products */;
			projectDirPath = "";
			projectRoot = "";
			targets = (
				25CCA2EF28924E59001E531C /* GitHubActionsTest */,
				25CCA2FF28924E5A001E531C /* GitHubActionsTestTests */,
				25CCA30928924E5B001E531C /* GitHubActionsTestUITests */,
			);
		};
/* End PBXProject section */

/* Begin PBXResourcesBuildPhase section */
		25CCA2EE28924E59001E531C /* Resources */ = {
			isa = PBXResourcesBuildPhase;
			buildActionMask = 2147483647;
			files = (
				25CCA2FB28924E5A001E531C /* Preview Assets.xcassets in Resources */,
				25CCA2F828924E5A001E531C /* Assets.xcassets in Resources */,
			);
			runOnlyForDeploymentPostprocessing = 0;
		};
		25CCA2FE28924E5A001E531C /* Resources */ = {
			isa = PBXResourcesBuildPhase;
			buildActionMask = 2147483647;
			files = (
			);
			runOnlyForDeploymentPostprocessing = 0;
		};
		25CCA30828924E5B001E531C /* Resources */ = {
			isa = PBXResourcesBuildPhase;
			buildActionMask = 2147483647;
			files = (
			);
			runOnlyForDeploymentPostprocessing = 0;
		};
/* End PBXResourcesBuildPhase section */

/* Begin PBXShellScriptBuildPhase section */
		250A83F9289B48AA003973F0 /* ShellScript */ = {
			isa = PBXShellScriptBuildPhase;
			buildActionMask = 2147483647;
			files = (
			);
			inputFileListPaths = (
			);
			inputPaths = (
			);
			outputFileListPaths = (
			);
			outputPaths = (
			);
			runOnlyForDeploymentPostprocessing = 0;
			shellPath = /bin/sh;
			shellScript = "# Type a script or drag a script file from your workspace to insert its path.\n${PODS_ROOT}/SwiftLint/swiftlint\n";
		};
		65F5D42F42BD44FEC438636D /* [CP] Check Pods Manifest.lock */ = {
			isa = PBXShellScriptBuildPhase;
			buildActionMask = 2147483647;
			files = (
			);
			inputFileListPaths = (
			);
			inputPaths = (
				"${PODS_PODFILE_DIR_PATH}/Podfile.lock",
				"${PODS_ROOT}/Manifest.lock",
			);
			name = "[CP] Check Pods Manifest.lock";
			outputFileListPaths = (
			);
			outputPaths = (
				"$(DERIVED_FILE_DIR)/Pods-GitHubActionsTestTests-checkManifestLockResult.txt",
			);
			runOnlyForDeploymentPostprocessing = 0;
			shellPath = /bin/sh;
			shellScript = "diff \"${PODS_PODFILE_DIR_PATH}/Podfile.lock\" \"${PODS_ROOT}/Manifest.lock\" > /dev/null\nif [ $? != 0 ] ; then\n    # print error to STDERR\n    echo \"error: The sandbox is not in sync with the Podfile.lock. Run 'pod install' or update your CocoaPods installation.\" >&2\n    exit 1\nfi\n# This output is used by Xcode 'outputs' to avoid re-running this script phase.\necho \"SUCCESS\" > \"${SCRIPT_OUTPUT_FILE_0}\"\n";
			showEnvVarsInLog = 0;
		};
		6A9CBDF637FB4BA78295F772 /* [CP] Check Pods Manifest.lock */ = {
			isa = PBXShellScriptBuildPhase;
			buildActionMask = 2147483647;
			files = (
			);
			inputFileListPaths = (
			);
			inputPaths = (
				"${PODS_PODFILE_DIR_PATH}/Podfile.lock",
				"${PODS_ROOT}/Manifest.lock",
			);
			name = "[CP] Check Pods Manifest.lock";
			outputFileListPaths = (
			);
			outputPaths = (
				"$(DERIVED_FILE_DIR)/Pods-GitHubActionsTest-checkManifestLockResult.txt",
			);
			runOnlyForDeploymentPostprocessing = 0;
			shellPath = /bin/sh;
			shellScript = "diff \"${PODS_PODFILE_DIR_PATH}/Podfile.lock\" \"${PODS_ROOT}/Manifest.lock\" > /dev/null\nif [ $? != 0 ] ; then\n    # print error to STDERR\n    echo \"error: The sandbox is not in sync with the Podfile.lock. Run 'pod install' or update your CocoaPods installation.\" >&2\n    exit 1\nfi\n# This output is used by Xcode 'outputs' to avoid re-running this script phase.\necho \"SUCCESS\" > \"${SCRIPT_OUTPUT_FILE_0}\"\n";
			showEnvVarsInLog = 0;
		};
		A9FFE0550B240A296240CF37 /* [CP] Check Pods Manifest.lock */ = {
			isa = PBXShellScriptBuildPhase;
			buildActionMask = 2147483647;
			files = (
			);
			inputFileListPaths = (
			);
			inputPaths = (
				"${PODS_PODFILE_DIR_PATH}/Podfile.lock",
				"${PODS_ROOT}/Manifest.lock",
			);
			name = "[CP] Check Pods Manifest.lock";
			outputFileListPaths = (
			);
			outputPaths = (
				"$(DERIVED_FILE_DIR)/Pods-GitHubActionsTest-GitHubActionsTestUITests-checkManifestLockResult.txt",
			);
			runOnlyForDeploymentPostprocessing = 0;
			shellPath = /bin/sh;
			shellScript = "diff \"${PODS_PODFILE_DIR_PATH}/Podfile.lock\" \"${PODS_ROOT}/Manifest.lock\" > /dev/null\nif [ $? != 0 ] ; then\n    # print error to STDERR\n    echo \"error: The sandbox is not in sync with the Podfile.lock. Run 'pod install' or update your CocoaPods installation.\" >&2\n    exit 1\nfi\n# This output is used by Xcode 'outputs' to avoid re-running this script phase.\necho \"SUCCESS\" > \"${SCRIPT_OUTPUT_FILE_0}\"\n";
			showEnvVarsInLog = 0;
		};
/* End PBXShellScriptBuildPhase section */

/* Begin PBXSourcesBuildPhase section */
		25CCA2EC28924E59001E531C /* Sources */ = {
			isa = PBXSourcesBuildPhase;
			buildActionMask = 2147483647;
			files = (
				25CCA2F628924E59001E531C /* ContentView.swift in Sources */,
				25CCA2F428924E59001E531C /* GitHubActionsTestApp.swift in Sources */,
			);
			runOnlyForDeploymentPostprocessing = 0;
		};
		25CCA2FC28924E5A001E531C /* Sources */ = {
			isa = PBXSourcesBuildPhase;
			buildActionMask = 2147483647;
			files = (
				25CCA30528924E5A001E531C /* GitHubActionsTestTests.swift in Sources */,
			);
			runOnlyForDeploymentPostprocessing = 0;
		};
		25CCA30628924E5B001E531C /* Sources */ = {
			isa = PBXSourcesBuildPhase;
			buildActionMask = 2147483647;
			files = (
				25CCA30F28924E5B001E531C /* GitHubActionsTestUITests.swift in Sources */,
				25CCA31128924E5B001E531C /* GitHubActionsTestUITestsLaunchTests.swift in Sources */,
			);
			runOnlyForDeploymentPostprocessing = 0;
		};
/* End PBXSourcesBuildPhase section */

/* Begin PBXTargetDependency section */
		25CCA30228924E5A001E531C /* PBXTargetDependency */ = {
			isa = PBXTargetDependency;
			target = 25CCA2EF28924E59001E531C /* GitHubActionsTest */;
			targetProxy = 25CCA30128924E5A001E531C /* PBXContainerItemProxy */;
		};
		25CCA30C28924E5B001E531C /* PBXTargetDependency */ = {
			isa = PBXTargetDependency;
			target = 25CCA2EF28924E59001E531C /* GitHubActionsTest */;
			targetProxy = 25CCA30B28924E5B001E531C /* PBXContainerItemProxy */;
		};
/* End PBXTargetDependency section */

/* Begin XCBuildConfiguration section */
		257929622897D44400B6458A /* Alpha */ = {
			isa = XCBuildConfiguration;
			buildSettings = {
				ALWAYS_SEARCH_USER_PATHS = NO;
				CLANG_ANALYZER_NONNULL = YES;
				CLANG_ANALYZER_NUMBER_OBJECT_CONVERSION = YES_AGGRESSIVE;
				CLANG_CXX_LANGUAGE_STANDARD = "gnu++17";
				CLANG_ENABLE_MODULES = YES;
				CLANG_ENABLE_OBJC_ARC = YES;
				CLANG_ENABLE_OBJC_WEAK = YES;
				CLANG_WARN_BLOCK_CAPTURE_AUTORELEASING = YES;
				CLANG_WARN_BOOL_CONVERSION = YES;
				CLANG_WARN_COMMA = YES;
				CLANG_WARN_CONSTANT_CONVERSION = YES;
				CLANG_WARN_DEPRECATED_OBJC_IMPLEMENTATIONS = YES;
				CLANG_WARN_DIRECT_OBJC_ISA_USAGE = YES_ERROR;
				CLANG_WARN_DOCUMENTATION_COMMENTS = YES;
				CLANG_WARN_EMPTY_BODY = YES;
				CLANG_WARN_ENUM_CONVERSION = YES;
				CLANG_WARN_INFINITE_RECURSION = YES;
				CLANG_WARN_INT_CONVERSION = YES;
				CLANG_WARN_NON_LITERAL_NULL_CONVERSION = YES;
				CLANG_WARN_OBJC_IMPLICIT_RETAIN_SELF = YES;
				CLANG_WARN_OBJC_LITERAL_CONVERSION = YES;
				CLANG_WARN_OBJC_ROOT_CLASS = YES_ERROR;
				CLANG_WARN_QUOTED_INCLUDE_IN_FRAMEWORK_HEADER = YES;
				CLANG_WARN_RANGE_LOOP_ANALYSIS = YES;
				CLANG_WARN_STRICT_PROTOTYPES = YES;
				CLANG_WARN_SUSPICIOUS_MOVE = YES;
				CLANG_WARN_UNGUARDED_AVAILABILITY = YES_AGGRESSIVE;
				CLANG_WARN_UNREACHABLE_CODE = YES;
				CLANG_WARN__DUPLICATE_METHOD_MATCH = YES;
				CODE_SIGN_IDENTITY = "Apple Distribution: DoingLAB Inc. (GGV5WWVER9)";
				COPY_PHASE_STRIP = NO;
				DEBUG_INFORMATION_FORMAT = dwarf;
				DEPLOY_PHASE = alpha;
				ENABLE_STRICT_OBJC_MSGSEND = YES;
				ENABLE_TESTABILITY = YES;
				GCC_C_LANGUAGE_STANDARD = gnu11;
				GCC_DYNAMIC_NO_PIC = NO;
				GCC_NO_COMMON_BLOCKS = YES;
				GCC_OPTIMIZATION_LEVEL = 0;
				GCC_PREPROCESSOR_DEFINITIONS = (
					"DEBUG=1",
					"$(inherited)",
				);
				GCC_WARN_64_TO_32_BIT_CONVERSION = YES;
				GCC_WARN_ABOUT_RETURN_TYPE = YES_ERROR;
				GCC_WARN_UNDECLARED_SELECTOR = YES;
				GCC_WARN_UNINITIALIZED_AUTOS = YES_AGGRESSIVE;
				GCC_WARN_UNUSED_FUNCTION = YES;
				GCC_WARN_UNUSED_VARIABLE = YES;
				IPHONEOS_DEPLOYMENT_TARGET = 15.0;
				MTL_ENABLE_DEBUG_INFO = INCLUDE_SOURCE;
				MTL_FAST_MATH = YES;
				NEW_SETTING = "";
				NEW_SETTING1 = "";
				ONLY_ACTIVE_ARCH = YES;
				PRODUCT_BUNDLE_IDENTIFIER = "com.doinglab.doinglab.DietDiaryAI-GithubAction";
				SDKROOT = iphoneos;
				SWIFT_ACTIVE_COMPILATION_CONDITIONS = DEBUG;
				SWIFT_OPTIMIZATION_LEVEL = "-Onone";
			};
			name = Alpha;
		};
		257929632897D44400B6458A /* Alpha */ = {
			isa = XCBuildConfiguration;
			baseConfigurationReference = 81F8CAD4E71003906B48D534 /* Pods-GitHubActionsTest.alpha.xcconfig */;
			buildSettings = {
				ASSETCATALOG_COMPILER_APPICON_NAME = AppIcon;
				ASSETCATALOG_COMPILER_GLOBAL_ACCENT_COLOR_NAME = AccentColor;
				CODE_SIGN_IDENTITY = "iPhone Distribution";
				CODE_SIGN_STYLE = Manual;
				CURRENT_PROJECT_VERSION = 1;
				DEVELOPMENT_ASSET_PATHS = "\"GitHubActionsTest/Preview Content\"";
				DEVELOPMENT_TEAM = GGV5WWVER9;
				ENABLE_PREVIEWS = YES;
				GENERATE_INFOPLIST_FILE = YES;
				INFOPLIST_FILE = GitHubActionsTest/Info.plist;
				INFOPLIST_KEY_LSApplicationCategoryType = "";
				INFOPLIST_KEY_UIApplicationSceneManifest_Generation = YES;
				INFOPLIST_KEY_UIApplicationSupportsIndirectInputEvents = YES;
				INFOPLIST_KEY_UILaunchScreen_Generation = YES;
				INFOPLIST_KEY_UISupportedInterfaceOrientations_iPad = "UIInterfaceOrientationPortrait UIInterfaceOrientationPortraitUpsideDown UIInterfaceOrientationLandscapeLeft UIInterfaceOrientationLandscapeRight";
				INFOPLIST_KEY_UISupportedInterfaceOrientations_iPhone = "UIInterfaceOrientationPortrait UIInterfaceOrientationLandscapeLeft UIInterfaceOrientationLandscapeRight";
				LD_RUNPATH_SEARCH_PATHS = (
					"$(inherited)",
					"@executable_path/Frameworks",
				);
				MARKETING_VERSION = 1.0;
				PRODUCT_BUNDLE_IDENTIFIER = "com.doinglab.NextDietCamera-GithubAction";
				PRODUCT_NAME = "$(TARGET_NAME)";
				PROVISIONING_PROFILE_SPECIFIER = "match AppStore com.doinglab.NextDietCamera-GithubAction";
				SWIFT_EMIT_LOC_STRINGS = YES;
				SWIFT_VERSION = 5.0;
				TARGETED_DEVICE_FAMILY = 1;
			};
			name = Alpha;
		};
		257929642897D44400B6458A /* Alpha */ = {
			isa = XCBuildConfiguration;
			baseConfigurationReference = 91E0465232F1048525BEEC9E /* Pods-GitHubActionsTestTests.alpha.xcconfig */;
			buildSettings = {
				ALWAYS_EMBED_SWIFT_STANDARD_LIBRARIES = YES;
				BUNDLE_LOADER = "$(TEST_HOST)";
				CODE_SIGN_STYLE = Automatic;
				CURRENT_PROJECT_VERSION = 1;
				DEVELOPMENT_TEAM = GGV5WWVER9;
				GENERATE_INFOPLIST_FILE = YES;
				IPHONEOS_DEPLOYMENT_TARGET = 15.4;
				MARKETING_VERSION = 1.0;
				PRODUCT_BUNDLE_IDENTIFIER = com.doinglab.GitHubActionsTestTests;
				PRODUCT_NAME = "$(TARGET_NAME)";
				SWIFT_EMIT_LOC_STRINGS = NO;
				SWIFT_VERSION = 5.0;
				TARGETED_DEVICE_FAMILY = "1,2";
				TEST_HOST = "$(BUILT_PRODUCTS_DIR)/GitHubActionsTest.app/GitHubActionsTest";
			};
			name = Alpha;
		};
		257929652897D44400B6458A /* Alpha */ = {
			isa = XCBuildConfiguration;
			baseConfigurationReference = 8233A3D2943DC3392F5BFC89 /* Pods-GitHubActionsTest-GitHubActionsTestUITests.alpha.xcconfig */;
			buildSettings = {
				ALWAYS_EMBED_SWIFT_STANDARD_LIBRARIES = YES;
				"CODE_SIGN_IDENTITY[sdk=macosx*]" = "Apple Development";
				CODE_SIGN_STYLE = Automatic;
				CURRENT_PROJECT_VERSION = 1;
				DEVELOPMENT_TEAM = GGV5WWVER9;
				GENERATE_INFOPLIST_FILE = YES;
				MARKETING_VERSION = 1.0;
				PRODUCT_BUNDLE_IDENTIFIER = com.doinglab.GitHubActionsTestUITests;
				PRODUCT_NAME = "$(TARGET_NAME)";
				SWIFT_EMIT_LOC_STRINGS = NO;
				SWIFT_VERSION = 5.0;
				TARGETED_DEVICE_FAMILY = "1,2";
				TEST_TARGET_NAME = GitHubActionsTest;
			};
			name = Alpha;
		};
		257929662897D44E00B6458A /* Beta */ = {
			isa = XCBuildConfiguration;
			buildSettings = {
				ALWAYS_SEARCH_USER_PATHS = NO;
				CLANG_ANALYZER_NONNULL = YES;
				CLANG_ANALYZER_NUMBER_OBJECT_CONVERSION = YES_AGGRESSIVE;
				CLANG_CXX_LANGUAGE_STANDARD = "gnu++17";
				CLANG_ENABLE_MODULES = YES;
				CLANG_ENABLE_OBJC_ARC = YES;
				CLANG_ENABLE_OBJC_WEAK = YES;
				CLANG_WARN_BLOCK_CAPTURE_AUTORELEASING = YES;
				CLANG_WARN_BOOL_CONVERSION = YES;
				CLANG_WARN_COMMA = YES;
				CLANG_WARN_CONSTANT_CONVERSION = YES;
				CLANG_WARN_DEPRECATED_OBJC_IMPLEMENTATIONS = YES;
				CLANG_WARN_DIRECT_OBJC_ISA_USAGE = YES_ERROR;
				CLANG_WARN_DOCUMENTATION_COMMENTS = YES;
				CLANG_WARN_EMPTY_BODY = YES;
				CLANG_WARN_ENUM_CONVERSION = YES;
				CLANG_WARN_INFINITE_RECURSION = YES;
				CLANG_WARN_INT_CONVERSION = YES;
				CLANG_WARN_NON_LITERAL_NULL_CONVERSION = YES;
				CLANG_WARN_OBJC_IMPLICIT_RETAIN_SELF = YES;
				CLANG_WARN_OBJC_LITERAL_CONVERSION = YES;
				CLANG_WARN_OBJC_ROOT_CLASS = YES_ERROR;
				CLANG_WARN_QUOTED_INCLUDE_IN_FRAMEWORK_HEADER = YES;
				CLANG_WARN_RANGE_LOOP_ANALYSIS = YES;
				CLANG_WARN_STRICT_PROTOTYPES = YES;
				CLANG_WARN_SUSPICIOUS_MOVE = YES;
				CLANG_WARN_UNGUARDED_AVAILABILITY = YES_AGGRESSIVE;
				CLANG_WARN_UNREACHABLE_CODE = YES;
				CLANG_WARN__DUPLICATE_METHOD_MATCH = YES;
				CODE_SIGN_IDENTITY = "Apple Distribution: DoingLAB Inc. (GGV5WWVER9)";
				COPY_PHASE_STRIP = NO;
				DEBUG_INFORMATION_FORMAT = dwarf;
				DEPLOY_PHASE = beta;
				ENABLE_STRICT_OBJC_MSGSEND = YES;
				ENABLE_TESTABILITY = YES;
				GCC_C_LANGUAGE_STANDARD = gnu11;
				GCC_DYNAMIC_NO_PIC = NO;
				GCC_NO_COMMON_BLOCKS = YES;
				GCC_OPTIMIZATION_LEVEL = 0;
				GCC_PREPROCESSOR_DEFINITIONS = (
					"DEBUG=1",
					"$(inherited)",
				);
				GCC_WARN_64_TO_32_BIT_CONVERSION = YES;
				GCC_WARN_ABOUT_RETURN_TYPE = YES_ERROR;
				GCC_WARN_UNDECLARED_SELECTOR = YES;
				GCC_WARN_UNINITIALIZED_AUTOS = YES_AGGRESSIVE;
				GCC_WARN_UNUSED_FUNCTION = YES;
				GCC_WARN_UNUSED_VARIABLE = YES;
				IPHONEOS_DEPLOYMENT_TARGET = 15.0;
				MTL_ENABLE_DEBUG_INFO = INCLUDE_SOURCE;
				MTL_FAST_MATH = YES;
				NEW_SETTING = "";
				NEW_SETTING1 = "";
				ONLY_ACTIVE_ARCH = YES;
				PRODUCT_BUNDLE_IDENTIFIER = "com.doinglab.doinglab.DietDiaryAI-GithubAction";
				SDKROOT = iphoneos;
				SWIFT_ACTIVE_COMPILATION_CONDITIONS = DEBUG;
				SWIFT_OPTIMIZATION_LEVEL = "-Onone";
			};
			name = Beta;
		};
		257929672897D44E00B6458A /* Beta */ = {
			isa = XCBuildConfiguration;
			baseConfigurationReference = 908BFA409380417CCDB46948 /* Pods-GitHubActionsTest.beta.xcconfig */;
			buildSettings = {
				ASSETCATALOG_COMPILER_APPICON_NAME = AppIcon;
				ASSETCATALOG_COMPILER_GLOBAL_ACCENT_COLOR_NAME = AccentColor;
				CODE_SIGN_IDENTITY = "iPhone Distribution";
				CODE_SIGN_STYLE = Manual;
				CURRENT_PROJECT_VERSION = 1;
				DEVELOPMENT_ASSET_PATHS = "\"GitHubActionsTest/Preview Content\"";
				DEVELOPMENT_TEAM = GGV5WWVER9;
				ENABLE_PREVIEWS = YES;
				GENERATE_INFOPLIST_FILE = YES;
				INFOPLIST_FILE = GitHubActionsTest/Info.plist;
				INFOPLIST_KEY_LSApplicationCategoryType = "";
				INFOPLIST_KEY_UIApplicationSceneManifest_Generation = YES;
				INFOPLIST_KEY_UIApplicationSupportsIndirectInputEvents = YES;
				INFOPLIST_KEY_UILaunchScreen_Generation = YES;
				INFOPLIST_KEY_UISupportedInterfaceOrientations_iPad = "UIInterfaceOrientationPortrait UIInterfaceOrientationPortraitUpsideDown UIInterfaceOrientationLandscapeLeft UIInterfaceOrientationLandscapeRight";
				INFOPLIST_KEY_UISupportedInterfaceOrientations_iPhone = "UIInterfaceOrientationPortrait UIInterfaceOrientationLandscapeLeft UIInterfaceOrientationLandscapeRight";
				LD_RUNPATH_SEARCH_PATHS = (
					"$(inherited)",
					"@executable_path/Frameworks",
				);
				MARKETING_VERSION = 1.0;
				PRODUCT_BUNDLE_IDENTIFIER = "com.doinglab.NextDietCamera-GithubAction";
				PRODUCT_NAME = "$(TARGET_NAME)";
				PROVISIONING_PROFILE_SPECIFIER = "match AppStore com.doinglab.NextDietCamera-GithubAction";
				SWIFT_EMIT_LOC_STRINGS = YES;
				SWIFT_VERSION = 5.0;
				TARGETED_DEVICE_FAMILY = 1;
			};
			name = Beta;
		};
		257929682897D44E00B6458A /* Beta */ = {
			isa = XCBuildConfiguration;
			baseConfigurationReference = 8A2B57404BC13844D9E283EC /* Pods-GitHubActionsTestTests.beta.xcconfig */;
			buildSettings = {
				ALWAYS_EMBED_SWIFT_STANDARD_LIBRARIES = YES;
				BUNDLE_LOADER = "$(TEST_HOST)";
				CODE_SIGN_STYLE = Automatic;
				CURRENT_PROJECT_VERSION = 1;
				DEVELOPMENT_TEAM = GGV5WWVER9;
				GENERATE_INFOPLIST_FILE = YES;
				IPHONEOS_DEPLOYMENT_TARGET = 15.4;
				MARKETING_VERSION = 1.0;
				PRODUCT_BUNDLE_IDENTIFIER = com.doinglab.GitHubActionsTestTests;
				PRODUCT_NAME = "$(TARGET_NAME)";
				SWIFT_EMIT_LOC_STRINGS = NO;
				SWIFT_VERSION = 5.0;
				TARGETED_DEVICE_FAMILY = "1,2";
				TEST_HOST = "$(BUILT_PRODUCTS_DIR)/GitHubActionsTest.app/GitHubActionsTest";
			};
			name = Beta;
		};
		257929692897D44E00B6458A /* Beta */ = {
			isa = XCBuildConfiguration;
			baseConfigurationReference = F76C4EC5F088B034295F3005 /* Pods-GitHubActionsTest-GitHubActionsTestUITests.beta.xcconfig */;
			buildSettings = {
				ALWAYS_EMBED_SWIFT_STANDARD_LIBRARIES = YES;
				"CODE_SIGN_IDENTITY[sdk=macosx*]" = "Apple Development";
				CODE_SIGN_STYLE = Automatic;
				CURRENT_PROJECT_VERSION = 1;
				DEVELOPMENT_TEAM = GGV5WWVER9;
				GENERATE_INFOPLIST_FILE = YES;
				MARKETING_VERSION = 1.0;
				PRODUCT_BUNDLE_IDENTIFIER = com.doinglab.GitHubActionsTestUITests;
				PRODUCT_NAME = "$(TARGET_NAME)";
				SWIFT_EMIT_LOC_STRINGS = NO;
				SWIFT_VERSION = 5.0;
				TARGETED_DEVICE_FAMILY = "1,2";
				TEST_TARGET_NAME = GitHubActionsTest;
			};
			name = Beta;
		};
		25CCA31228924E5B001E531C /* Debug */ = {
			isa = XCBuildConfiguration;
			buildSettings = {
				ALWAYS_SEARCH_USER_PATHS = NO;
				CLANG_ANALYZER_NONNULL = YES;
				CLANG_ANALYZER_NUMBER_OBJECT_CONVERSION = YES_AGGRESSIVE;
				CLANG_CXX_LANGUAGE_STANDARD = "gnu++17";
				CLANG_ENABLE_MODULES = YES;
				CLANG_ENABLE_OBJC_ARC = YES;
				CLANG_ENABLE_OBJC_WEAK = YES;
				CLANG_WARN_BLOCK_CAPTURE_AUTORELEASING = YES;
				CLANG_WARN_BOOL_CONVERSION = YES;
				CLANG_WARN_COMMA = YES;
				CLANG_WARN_CONSTANT_CONVERSION = YES;
				CLANG_WARN_DEPRECATED_OBJC_IMPLEMENTATIONS = YES;
				CLANG_WARN_DIRECT_OBJC_ISA_USAGE = YES_ERROR;
				CLANG_WARN_DOCUMENTATION_COMMENTS = YES;
				CLANG_WARN_EMPTY_BODY = YES;
				CLANG_WARN_ENUM_CONVERSION = YES;
				CLANG_WARN_INFINITE_RECURSION = YES;
				CLANG_WARN_INT_CONVERSION = YES;
				CLANG_WARN_NON_LITERAL_NULL_CONVERSION = YES;
				CLANG_WARN_OBJC_IMPLICIT_RETAIN_SELF = YES;
				CLANG_WARN_OBJC_LITERAL_CONVERSION = YES;
				CLANG_WARN_OBJC_ROOT_CLASS = YES_ERROR;
				CLANG_WARN_QUOTED_INCLUDE_IN_FRAMEWORK_HEADER = YES;
				CLANG_WARN_RANGE_LOOP_ANALYSIS = YES;
				CLANG_WARN_STRICT_PROTOTYPES = YES;
				CLANG_WARN_SUSPICIOUS_MOVE = YES;
				CLANG_WARN_UNGUARDED_AVAILABILITY = YES_AGGRESSIVE;
				CLANG_WARN_UNREACHABLE_CODE = YES;
				CLANG_WARN__DUPLICATE_METHOD_MATCH = YES;
				CODE_SIGN_IDENTITY = "Apple Distribution: DoingLAB Inc. (GGV5WWVER9)";
				COPY_PHASE_STRIP = NO;
				DEBUG_INFORMATION_FORMAT = dwarf;
				DEPLOY_PHASE = debug;
				ENABLE_STRICT_OBJC_MSGSEND = YES;
				ENABLE_TESTABILITY = YES;
				GCC_C_LANGUAGE_STANDARD = gnu11;
				GCC_DYNAMIC_NO_PIC = NO;
				GCC_NO_COMMON_BLOCKS = YES;
				GCC_OPTIMIZATION_LEVEL = 0;
				GCC_PREPROCESSOR_DEFINITIONS = (
					"DEBUG=1",
					"$(inherited)",
				);
				GCC_WARN_64_TO_32_BIT_CONVERSION = YES;
				GCC_WARN_ABOUT_RETURN_TYPE = YES_ERROR;
				GCC_WARN_UNDECLARED_SELECTOR = YES;
				GCC_WARN_UNINITIALIZED_AUTOS = YES_AGGRESSIVE;
				GCC_WARN_UNUSED_FUNCTION = YES;
				GCC_WARN_UNUSED_VARIABLE = YES;
				IPHONEOS_DEPLOYMENT_TARGET = 15.0;
				MTL_ENABLE_DEBUG_INFO = INCLUDE_SOURCE;
				MTL_FAST_MATH = YES;
				NEW_SETTING = "";
				NEW_SETTING1 = "";
				ONLY_ACTIVE_ARCH = YES;
				PRODUCT_BUNDLE_IDENTIFIER = "com.doinglab.doinglab.DietDiaryAI-GithubAction";
				SDKROOT = iphoneos;
				SWIFT_ACTIVE_COMPILATION_CONDITIONS = DEBUG;
				SWIFT_OPTIMIZATION_LEVEL = "-Onone";
			};
			name = Debug;
		};
		25CCA31328924E5B001E531C /* Release */ = {
			isa = XCBuildConfiguration;
			buildSettings = {
				ALWAYS_SEARCH_USER_PATHS = NO;
				CLANG_ANALYZER_NONNULL = YES;
				CLANG_ANALYZER_NUMBER_OBJECT_CONVERSION = YES_AGGRESSIVE;
				CLANG_CXX_LANGUAGE_STANDARD = "gnu++17";
				CLANG_ENABLE_MODULES = YES;
				CLANG_ENABLE_OBJC_ARC = YES;
				CLANG_ENABLE_OBJC_WEAK = YES;
				CLANG_WARN_BLOCK_CAPTURE_AUTORELEASING = YES;
				CLANG_WARN_BOOL_CONVERSION = YES;
				CLANG_WARN_COMMA = YES;
				CLANG_WARN_CONSTANT_CONVERSION = YES;
				CLANG_WARN_DEPRECATED_OBJC_IMPLEMENTATIONS = YES;
				CLANG_WARN_DIRECT_OBJC_ISA_USAGE = YES_ERROR;
				CLANG_WARN_DOCUMENTATION_COMMENTS = YES;
				CLANG_WARN_EMPTY_BODY = YES;
				CLANG_WARN_ENUM_CONVERSION = YES;
				CLANG_WARN_INFINITE_RECURSION = YES;
				CLANG_WARN_INT_CONVERSION = YES;
				CLANG_WARN_NON_LITERAL_NULL_CONVERSION = YES;
				CLANG_WARN_OBJC_IMPLICIT_RETAIN_SELF = YES;
				CLANG_WARN_OBJC_LITERAL_CONVERSION = YES;
				CLANG_WARN_OBJC_ROOT_CLASS = YES_ERROR;
				CLANG_WARN_QUOTED_INCLUDE_IN_FRAMEWORK_HEADER = YES;
				CLANG_WARN_RANGE_LOOP_ANALYSIS = YES;
				CLANG_WARN_STRICT_PROTOTYPES = YES;
				CLANG_WARN_SUSPICIOUS_MOVE = YES;
				CLANG_WARN_UNGUARDED_AVAILABILITY = YES_AGGRESSIVE;
				CLANG_WARN_UNREACHABLE_CODE = YES;
				CLANG_WARN__DUPLICATE_METHOD_MATCH = YES;
				CODE_SIGN_IDENTITY = "Apple Distribution: DoingLAB Inc. (GGV5WWVER9)";
				COPY_PHASE_STRIP = NO;
				DEBUG_INFORMATION_FORMAT = "dwarf-with-dsym";
				DEPLOY_PHASE = release;
				ENABLE_NS_ASSERTIONS = NO;
				ENABLE_STRICT_OBJC_MSGSEND = YES;
				GCC_C_LANGUAGE_STANDARD = gnu11;
				GCC_NO_COMMON_BLOCKS = YES;
				GCC_WARN_64_TO_32_BIT_CONVERSION = YES;
				GCC_WARN_ABOUT_RETURN_TYPE = YES_ERROR;
				GCC_WARN_UNDECLARED_SELECTOR = YES;
				GCC_WARN_UNINITIALIZED_AUTOS = YES_AGGRESSIVE;
				GCC_WARN_UNUSED_FUNCTION = YES;
				GCC_WARN_UNUSED_VARIABLE = YES;
				IPHONEOS_DEPLOYMENT_TARGET = 15.0;
				MTL_ENABLE_DEBUG_INFO = NO;
				MTL_FAST_MATH = YES;
				NEW_SETTING = "";
				NEW_SETTING1 = "";
				PRODUCT_BUNDLE_IDENTIFIER = "com.doinglab.doinglab.DietDiaryAI-GithubAction";
				SDKROOT = iphoneos;
				SWIFT_COMPILATION_MODE = wholemodule;
				SWIFT_OPTIMIZATION_LEVEL = "-O";
				VALIDATE_PRODUCT = YES;
			};
			name = Release;
		};
		25CCA31528924E5B001E531C /* Debug */ = {
			isa = XCBuildConfiguration;
			baseConfigurationReference = 5E5F1760D088D36DE2CD9DD4 /* Pods-GitHubActionsTest.debug.xcconfig */;
			buildSettings = {
				ASSETCATALOG_COMPILER_APPICON_NAME = AppIcon;
				ASSETCATALOG_COMPILER_GLOBAL_ACCENT_COLOR_NAME = AccentColor;
				CODE_SIGN_IDENTITY = "iPhone Distribution";
				CODE_SIGN_STYLE = Manual;
				CURRENT_PROJECT_VERSION = 1;
				DEVELOPMENT_ASSET_PATHS = "\"GitHubActionsTest/Preview Content\"";
				DEVELOPMENT_TEAM = GGV5WWVER9;
				ENABLE_PREVIEWS = YES;
				GENERATE_INFOPLIST_FILE = YES;
				INFOPLIST_FILE = GitHubActionsTest/Info.plist;
				INFOPLIST_KEY_LSApplicationCategoryType = "";
				INFOPLIST_KEY_UIApplicationSceneManifest_Generation = YES;
				INFOPLIST_KEY_UIApplicationSupportsIndirectInputEvents = YES;
				INFOPLIST_KEY_UILaunchScreen_Generation = YES;
				INFOPLIST_KEY_UISupportedInterfaceOrientations_iPad = "UIInterfaceOrientationPortrait UIInterfaceOrientationPortraitUpsideDown UIInterfaceOrientationLandscapeLeft UIInterfaceOrientationLandscapeRight";
				INFOPLIST_KEY_UISupportedInterfaceOrientations_iPhone = "UIInterfaceOrientationPortrait UIInterfaceOrientationLandscapeLeft UIInterfaceOrientationLandscapeRight";
				LD_RUNPATH_SEARCH_PATHS = (
					"$(inherited)",
					"@executable_path/Frameworks",
				);
				MARKETING_VERSION = 1.0;
				PRODUCT_BUNDLE_IDENTIFIER = "com.doinglab.NextDietCamera-GithubAction";
				PRODUCT_NAME = "$(TARGET_NAME)";
				PROVISIONING_PROFILE_SPECIFIER = "match AppStore com.doinglab.NextDietCamera-GithubAction";
				SWIFT_EMIT_LOC_STRINGS = YES;
				SWIFT_VERSION = 5.0;
				TARGETED_DEVICE_FAMILY = 1;
			};
			name = Debug;
		};
		25CCA31628924E5B001E531C /* Release */ = {
			isa = XCBuildConfiguration;
			baseConfigurationReference = 4B7B882EC989C8EFE546F154 /* Pods-GitHubActionsTest.release.xcconfig */;
			buildSettings = {
				ASSETCATALOG_COMPILER_APPICON_NAME = AppIcon;
				ASSETCATALOG_COMPILER_GLOBAL_ACCENT_COLOR_NAME = AccentColor;
				CODE_SIGN_IDENTITY = "iPhone Distribution";
				CODE_SIGN_STYLE = Manual;
				CURRENT_PROJECT_VERSION = 1;
				DEVELOPMENT_ASSET_PATHS = "\"GitHubActionsTest/Preview Content\"";
				DEVELOPMENT_TEAM = GGV5WWVER9;
				ENABLE_PREVIEWS = YES;
				GENERATE_INFOPLIST_FILE = YES;
				INFOPLIST_FILE = GitHubActionsTest/Info.plist;
				INFOPLIST_KEY_LSApplicationCategoryType = "";
				INFOPLIST_KEY_UIApplicationSceneManifest_Generation = YES;
				INFOPLIST_KEY_UIApplicationSupportsIndirectInputEvents = YES;
				INFOPLIST_KEY_UILaunchScreen_Generation = YES;
				INFOPLIST_KEY_UISupportedInterfaceOrientations_iPad = "UIInterfaceOrientationPortrait UIInterfaceOrientationPortraitUpsideDown UIInterfaceOrientationLandscapeLeft UIInterfaceOrientationLandscapeRight";
				INFOPLIST_KEY_UISupportedInterfaceOrientations_iPhone = "UIInterfaceOrientationPortrait UIInterfaceOrientationLandscapeLeft UIInterfaceOrientationLandscapeRight";
				LD_RUNPATH_SEARCH_PATHS = (
					"$(inherited)",
					"@executable_path/Frameworks",
				);
				MARKETING_VERSION = 1.0;
				PRODUCT_BUNDLE_IDENTIFIER = "com.doinglab.NextDietCamera-GithubAction";
				PRODUCT_NAME = "$(TARGET_NAME)";
				PROVISIONING_PROFILE_SPECIFIER = "match AppStore com.doinglab.NextDietCamera-GithubAction";
				SWIFT_EMIT_LOC_STRINGS = YES;
				SWIFT_VERSION = 5.0;
				TARGETED_DEVICE_FAMILY = 1;
			};
			name = Release;
		};
		25CCA31828924E5B001E531C /* Debug */ = {
			isa = XCBuildConfiguration;
			baseConfigurationReference = D6937390267806A1D7AB1270 /* Pods-GitHubActionsTestTests.debug.xcconfig */;
			buildSettings = {
				ALWAYS_EMBED_SWIFT_STANDARD_LIBRARIES = YES;
				BUNDLE_LOADER = "$(TEST_HOST)";
				CODE_SIGN_STYLE = Manual;
				CURRENT_PROJECT_VERSION = 1;
				DEVELOPMENT_TEAM = "";
				GENERATE_INFOPLIST_FILE = YES;
				IPHONEOS_DEPLOYMENT_TARGET = 15.4;
				MARKETING_VERSION = 1.0;
				PRODUCT_BUNDLE_IDENTIFIER = com.doinglab.GitHubActionsTestTests;
				PRODUCT_NAME = "$(TARGET_NAME)";
				PROVISIONING_PROFILE_SPECIFIER = "";
				"PROVISIONING_PROFILE_SPECIFIER[sdk=macosx*]" = "";
				SWIFT_EMIT_LOC_STRINGS = NO;
				SWIFT_VERSION = 5.0;
				TARGETED_DEVICE_FAMILY = "1,2";
				TEST_HOST = "$(BUILT_PRODUCTS_DIR)/GitHubActionsTest.app/GitHubActionsTest";
			};
			name = Debug;
		};
		25CCA31928924E5B001E531C /* Release */ = {
			isa = XCBuildConfiguration;
			baseConfigurationReference = E87469349575DE01FF51CE1B /* Pods-GitHubActionsTestTests.release.xcconfig */;
			buildSettings = {
				ALWAYS_EMBED_SWIFT_STANDARD_LIBRARIES = YES;
				BUNDLE_LOADER = "$(TEST_HOST)";
				CODE_SIGN_STYLE = Automatic;
				CURRENT_PROJECT_VERSION = 1;
				DEVELOPMENT_TEAM = GGV5WWVER9;
				GENERATE_INFOPLIST_FILE = YES;
				IPHONEOS_DEPLOYMENT_TARGET = 15.4;
				MARKETING_VERSION = 1.0;
				PRODUCT_BUNDLE_IDENTIFIER = com.doinglab.GitHubActionsTestTests;
				PRODUCT_NAME = "$(TARGET_NAME)";
				SWIFT_EMIT_LOC_STRINGS = NO;
				SWIFT_VERSION = 5.0;
				TARGETED_DEVICE_FAMILY = "1,2";
				TEST_HOST = "$(BUILT_PRODUCTS_DIR)/GitHubActionsTest.app/GitHubActionsTest";
			};
			name = Release;
		};
		25CCA31B28924E5B001E531C /* Debug */ = {
			isa = XCBuildConfiguration;
			baseConfigurationReference = 03893815B9797A59DF765E57 /* Pods-GitHubActionsTest-GitHubActionsTestUITests.debug.xcconfig */;
			buildSettings = {
				ALWAYS_EMBED_SWIFT_STANDARD_LIBRARIES = YES;
				CODE_SIGN_IDENTITY = "Apple Development";
				"CODE_SIGN_IDENTITY[sdk=macosx*]" = "Apple Development";
				CODE_SIGN_STYLE = Automatic;
				CURRENT_PROJECT_VERSION = 1;
				DEVELOPMENT_TEAM = "";
				GENERATE_INFOPLIST_FILE = YES;
				MARKETING_VERSION = 1.0;
				PRODUCT_BUNDLE_IDENTIFIER = com.doinglab.GitHubActionsTestUITests;
				PRODUCT_NAME = "$(TARGET_NAME)";
				PROVISIONING_PROFILE_SPECIFIER = "";
				"PROVISIONING_PROFILE_SPECIFIER[sdk=macosx*]" = "";
				SWIFT_EMIT_LOC_STRINGS = NO;
				SWIFT_VERSION = 5.0;
				TARGETED_DEVICE_FAMILY = "1,2";
				TEST_TARGET_NAME = GitHubActionsTest;
			};
			name = Debug;
		};
		25CCA31C28924E5B001E531C /* Release */ = {
			isa = XCBuildConfiguration;
			baseConfigurationReference = A7285F541724F33FB11C1FB1 /* Pods-GitHubActionsTest-GitHubActionsTestUITests.release.xcconfig */;
			buildSettings = {
				ALWAYS_EMBED_SWIFT_STANDARD_LIBRARIES = YES;
				"CODE_SIGN_IDENTITY[sdk=macosx*]" = "-";
				CODE_SIGN_STYLE = Automatic;
				CURRENT_PROJECT_VERSION = 1;
				DEVELOPMENT_TEAM = GGV5WWVER9;
				GENERATE_INFOPLIST_FILE = YES;
				MARKETING_VERSION = 1.0;
				PRODUCT_BUNDLE_IDENTIFIER = com.doinglab.GitHubActionsTestUITests;
				"PRODUCT_BUNDLE_IDENTIFIER[sdk=macosx*]" = "";
				PRODUCT_NAME = "$(TARGET_NAME)";
				SWIFT_EMIT_LOC_STRINGS = NO;
				SWIFT_VERSION = 5.0;
				TARGETED_DEVICE_FAMILY = "1,2";
				TEST_TARGET_NAME = GitHubActionsTest;
			};
			name = Release;
		};
/* End XCBuildConfiguration section */

/* Begin XCConfigurationList section */
		25CCA2EB28924E59001E531C /* Build configuration list for PBXProject "GitHubActionsTest" */ = {
			isa = XCConfigurationList;
			buildConfigurations = (
				25CCA31228924E5B001E531C /* Debug */,
				257929662897D44E00B6458A /* Beta */,
				257929622897D44400B6458A /* Alpha */,
				25CCA31328924E5B001E531C /* Release */,
			);
			defaultConfigurationIsVisible = 0;
			defaultConfigurationName = Release;
		};
		25CCA31428924E5B001E531C /* Build configuration list for PBXNativeTarget "GitHubActionsTest" */ = {
			isa = XCConfigurationList;
			buildConfigurations = (
				25CCA31528924E5B001E531C /* Debug */,
				257929672897D44E00B6458A /* Beta */,
				257929632897D44400B6458A /* Alpha */,
				25CCA31628924E5B001E531C /* Release */,
			);
			defaultConfigurationIsVisible = 0;
			defaultConfigurationName = Release;
		};
		25CCA31728924E5B001E531C /* Build configuration list for PBXNativeTarget "GitHubActionsTestTests" */ = {
			isa = XCConfigurationList;
			buildConfigurations = (
				25CCA31828924E5B001E531C /* Debug */,
				257929682897D44E00B6458A /* Beta */,
				257929642897D44400B6458A /* Alpha */,
				25CCA31928924E5B001E531C /* Release */,
			);
			defaultConfigurationIsVisible = 0;
			defaultConfigurationName = Release;
		};
		25CCA31A28924E5B001E531C /* Build configuration list for PBXNativeTarget "GitHubActionsTestUITests" */ = {
			isa = XCConfigurationList;
			buildConfigurations = (
				25CCA31B28924E5B001E531C /* Debug */,
				257929692897D44E00B6458A /* Beta */,
				257929652897D44400B6458A /* Alpha */,
				25CCA31C28924E5B001E531C /* Release */,
			);
			defaultConfigurationIsVisible = 0;
			defaultConfigurationName = Release;
		};
/* End XCConfigurationList section */
	};
	rootObject = 25CCA2E828924E59001E531C /* Project object */;
}
